{
    "_meta": {
        "hash": {
            "sha256": "02192ec2b401967adfbe975695b014f90937f29647cc0f0bbd021dba6ab5993d"
        },
        "pipfile-spec": 6,
        "requires": {
            "python_version": "3.9"
        },
        "sources": [
            {
                "name": "pypi",
                "url": "https://pypi.org/simple",
                "verify_ssl": true
            }
        ]
    },
    "default": {
        "aniso8601": {
            "hashes": [
                "sha256:1d2b7ef82963909e93c4f24ce48d4de9e66009a21bf1c1e1c85bdd0812fe412f",
                "sha256:72e3117667eedf66951bb2d93f4296a56b94b078a8a95905a052611fb3f1b973"
            ],
            "version": "==9.0.1"
        },
        "graphene": {
            "hashes": [
                "sha256:57ce5ee7c9dc194224a1df96e4f7cb48d31eae96c791091d059f8f3d4d131390",
                "sha256:af48066e152200a071aac1e0b703954c717ec7268720ba190a0c91d9bcb0a122"
            ],
            "index": "pypi",
            "version": "==3.0"
        },
        "graphql-core": {
            "hashes": [
                "sha256:62ec192150ccecd9a18cfb79e3e72eb7d1fd68fb594ef19c40099b6deec8ef0c",
                "sha256:9b460f60320be01c7f3b1766cf3e406933003008055079b9d983b8f3988f4400"
            ],
            "markers": "python_version >= '3.6' and python_version < '4'",
            "version": "==3.1.7"
        },
        "graphql-relay": {
            "hashes": [
                "sha256:2cda0ac0199dd56c28ca4f6e0381cdcf5787809c06d1507df3c2a738f9ad846f",
                "sha256:70d5a7ee5995ea7c2a9a37e51227663b1a464f1f40e98fdde950be5415dfe0b4"
            ],
            "markers": "python_version >= '3.6' and python_version < '4'",
            "version": "==3.1.0"
        }
    },
    "develop": {}
}
